
Microsoft Visual Studio Solution File, Format Version 12.00
# Visual Studio 15
VisualStudioVersion = 15.0.28010.2046
MinimumVisualStudioVersion = 10.0.40219.1
Project("{FAE04EC0-301F-11D3-BF4B-00C04F79EFBC}") = "Palindrome", "Palindrome\Palindrome.csproj", "{541B789C-700A-4768-828D-BCD68783AC5C}"
EndProject
Project("{FAE04EC0-301F-11D3-BF4B-00C04F79EFBC}") = "Combine Arrays with Lock Step", "CombineArrays\Combine Arrays with Lock Step.csproj", "{C8300C91-2496-46EC-826E-3468F49E89C7}"
EndProject
Project("{FAE04EC0-301F-11D3-BF4B-00C04F79EFBC}") = "LinkedLists", "LinkedLists\LinkedLists.csproj", "{1E43E0C4-5C60-4A75-83C1-9539B07BADEB}"
EndProject
Project("{FAE04EC0-301F-11D3-BF4B-00C04F79EFBC}") = "Rectangle Shaded Area Intersection", "ConsoleApplication1\Rectangle Shaded Area Intersection.csproj", "{C2AEF8C3-C077-4CB3-A94C-091F61D7DC0B}"
EndProject
Project("{FAE04EC0-301F-11D3-BF4B-00C04F79EFBC}") = "Stack", "Stack\Stack.csproj", "{B6AD18FB-8871-46B2-A722-2B2D3A7D0F8D}"
EndProject
Project("{FAE04EC0-301F-11D3-BF4B-00C04F79EFBC}") = "Queue", "Queue\Queue.csproj", "{0D908A91-5FC8-436D-81D4-B97726D44D86}"
EndProject
Project("{FAE04EC0-301F-11D3-BF4B-00C04F79EFBC}") = "Queue with LinkedList", "Queue with LinkedList\Queue with LinkedList.csproj", "{ED8A24B2-1C33-4D15-8BB9-7315D4C3B590}"
EndProject
Project("{FAE04EC0-301F-11D3-BF4B-00C04F79EFBC}") = "Simple Binary Tree", "Simple Binary Tree\Simple Binary Tree.csproj", "{78E7A763-37A3-4B8D-9513-EF59B7D41A4F}"
EndProject
Project("{FAE04EC0-301F-11D3-BF4B-00C04F79EFBC}") = "CSV Integrity Check", "CSV Integrity Check\CSV Integrity Check.csproj", "{CD08C68C-E3B0-4AC3-BC49-7C585436794F}"
EndProject
Project("{FAE04EC0-301F-11D3-BF4B-00C04F79EFBC}") = "Cache System", "Cache System\Cache System.csproj", "{E2E397C3-A31E-4BA8-B7B5-3B9FC4003D79}"
EndProject
Project("{FAE04EC0-301F-11D3-BF4B-00C04F79EFBC}") = "RotateArray", "RotateArray\RotateArray.csproj", "{289C65F4-D0F3-4C67-A022-FEA7DA619B86}"
EndProject
Project("{FAE04EC0-301F-11D3-BF4B-00C04F79EFBC}") = "DoublyLinkedList", "DoublyLinkedList\DoublyLinkedList.csproj", "{125A4655-325A-4EE5-B92A-D5978EA1D56C}"
EndProject
Project("{FAE04EC0-301F-11D3-BF4B-00C04F79EFBC}") = "Stack with LinkedLists", "Stack with LinkedLists\Stack with LinkedLists.csproj", "{7CD01DDB-7936-421D-A6A0-935D810FF897}"
EndProject
Global
	GlobalSection(SolutionConfigurationPlatforms) = preSolution
		Debug|Any CPU = Debug|Any CPU
		Debug|ARM = Debug|ARM
		Debug|x64 = Debug|x64
		Debug|x86 = Debug|x86
		Release|Any CPU = Release|Any CPU
		Release|ARM = Release|ARM
		Release|x64 = Release|x64
		Release|x86 = Release|x86
	EndGlobalSection
	GlobalSection(ProjectConfigurationPlatforms) = postSolution
		{541B789C-700A-4768-828D-BCD68783AC5C}.Debug|Any CPU.ActiveCfg = Debug|Any CPU
		{541B789C-700A-4768-828D-BCD68783AC5C}.Debug|Any CPU.Build.0 = Debug|Any CPU
		{541B789C-700A-4768-828D-BCD68783AC5C}.Debug|ARM.ActiveCfg = Debug|Any CPU
		{541B789C-700A-4768-828D-BCD68783AC5C}.Debug|ARM.Build.0 = Debug|Any CPU
		{541B789C-700A-4768-828D-BCD68783AC5C}.Debug|x64.ActiveCfg = Debug|Any CPU
		{541B789C-700A-4768-828D-BCD68783AC5C}.Debug|x64.Build.0 = Debug|Any CPU
		{541B789C-700A-4768-828D-BCD68783AC5C}.Debug|x86.ActiveCfg = Debug|Any CPU
		{541B789C-700A-4768-828D-BCD68783AC5C}.Debug|x86.Build.0 = Debug|Any CPU
		{541B789C-700A-4768-828D-BCD68783AC5C}.Release|Any CPU.ActiveCfg = Release|Any CPU
		{541B789C-700A-4768-828D-BCD68783AC5C}.Release|Any CPU.Build.0 = Release|Any CPU
		{541B789C-700A-4768-828D-BCD68783AC5C}.Release|ARM.ActiveCfg = Release|Any CPU
		{541B789C-700A-4768-828D-BCD68783AC5C}.Release|ARM.Build.0 = Release|Any CPU
		{541B789C-700A-4768-828D-BCD68783AC5C}.Release|x64.ActiveCfg = Release|Any CPU
		{541B789C-700A-4768-828D-BCD68783AC5C}.Release|x64.Build.0 = Release|Any CPU
		{541B789C-700A-4768-828D-BCD68783AC5C}.Release|x86.ActiveCfg = Release|Any CPU
		{541B789C-700A-4768-828D-BCD68783AC5C}.Release|x86.Build.0 = Release|Any CPU
		{C8300C91-2496-46EC-826E-3468F49E89C7}.Debug|Any CPU.ActiveCfg = Debug|Any CPU
		{C8300C91-2496-46EC-826E-3468F49E89C7}.Debug|Any CPU.Build.0 = Debug|Any CPU
		{C8300C91-2496-46EC-826E-3468F49E89C7}.Debug|ARM.ActiveCfg = Debug|Any CPU
		{C8300C91-2496-46EC-826E-3468F49E89C7}.Debug|ARM.Build.0 = Debug|Any CPU
		{C8300C91-2496-46EC-826E-3468F49E89C7}.Debug|x64.ActiveCfg = Debug|Any CPU
		{C8300C91-2496-46EC-826E-3468F49E89C7}.Debug|x64.Build.0 = Debug|Any CPU
		{C8300C91-2496-46EC-826E-3468F49E89C7}.Debug|x86.ActiveCfg = Debug|Any CPU
		{C8300C91-2496-46EC-826E-3468F49E89C7}.Debug|x86.Build.0 = Debug|Any CPU
		{C8300C91-2496-46EC-826E-3468F49E89C7}.Release|Any CPU.ActiveCfg = Release|Any CPU
		{C8300C91-2496-46EC-826E-3468F49E89C7}.Release|Any CPU.Build.0 = Release|Any CPU
		{C8300C91-2496-46EC-826E-3468F49E89C7}.Release|ARM.ActiveCfg = Release|Any CPU
		{C8300C91-2496-46EC-826E-3468F49E89C7}.Release|ARM.Build.0 = Release|Any CPU
		{C8300C91-2496-46EC-826E-3468F49E89C7}.Release|x64.ActiveCfg = Release|Any CPU
		{C8300C91-2496-46EC-826E-3468F49E89C7}.Release|x64.Build.0 = Release|Any CPU
		{C8300C91-2496-46EC-826E-3468F49E89C7}.Release|x86.ActiveCfg = Release|Any CPU
		{C8300C91-2496-46EC-826E-3468F49E89C7}.Release|x86.Build.0 = Release|Any CPU
		{1E43E0C4-5C60-4A75-83C1-9539B07BADEB}.Debug|Any CPU.ActiveCfg = Debug|Any CPU
		{1E43E0C4-5C60-4A75-83C1-9539B07BADEB}.Debug|Any CPU.Build.0 = Debug|Any CPU
		{1E43E0C4-5C60-4A75-83C1-9539B07BADEB}.Debug|ARM.ActiveCfg = Debug|Any CPU
		{1E43E0C4-5C60-4A75-83C1-9539B07BADEB}.Debug|ARM.Build.0 = Debug|Any CPU
		{1E43E0C4-5C60-4A75-83C1-9539B07BADEB}.Debug|x64.ActiveCfg = Debug|Any CPU
		{1E43E0C4-5C60-4A75-83C1-9539B07BADEB}.Debug|x64.Build.0 = Debug|Any CPU
		{1E43E0C4-5C60-4A75-83C1-9539B07BADEB}.Debug|x86.ActiveCfg = Debug|Any CPU
		{1E43E0C4-5C60-4A75-83C1-9539B07BADEB}.Debug|x86.Build.0 = Debug|Any CPU
		{1E43E0C4-5C60-4A75-83C1-9539B07BADEB}.Release|Any CPU.ActiveCfg = Release|Any CPU
		{1E43E0C4-5C60-4A75-83C1-9539B07BADEB}.Release|Any CPU.Build.0 = Release|Any CPU
		{1E43E0C4-5C60-4A75-83C1-9539B07BADEB}.Release|ARM.ActiveCfg = Release|Any CPU
		{1E43E0C4-5C60-4A75-83C1-9539B07BADEB}.Release|ARM.Build.0 = Release|Any CPU
		{1E43E0C4-5C60-4A75-83C1-9539B07BADEB}.Release|x64.ActiveCfg = Release|Any CPU
		{1E43E0C4-5C60-4A75-83C1-9539B07BADEB}.Release|x64.Build.0 = Release|Any CPU
		{1E43E0C4-5C60-4A75-83C1-9539B07BADEB}.Release|x86.ActiveCfg = Release|Any CPU
		{1E43E0C4-5C60-4A75-83C1-9539B07BADEB}.Release|x86.Build.0 = Release|Any CPU
		{C2AEF8C3-C077-4CB3-A94C-091F61D7DC0B}.Debug|Any CPU.ActiveCfg = Debug|Any CPU
		{C2AEF8C3-C077-4CB3-A94C-091F61D7DC0B}.Debug|Any CPU.Build.0 = Debug|Any CPU
		{C2AEF8C3-C077-4CB3-A94C-091F61D7DC0B}.Debug|ARM.ActiveCfg = Debug|Any CPU
		{C2AEF8C3-C077-4CB3-A94C-091F61D7DC0B}.Debug|ARM.Build.0 = Debug|Any CPU
		{C2AEF8C3-C077-4CB3-A94C-091F61D7DC0B}.Debug|x64.ActiveCfg = Debug|Any CPU
		{C2AEF8C3-C077-4CB3-A94C-091F61D7DC0B}.Debug|x64.Build.0 = Debug|Any CPU
		{C2AEF8C3-C077-4CB3-A94C-091F61D7DC0B}.Debug|x86.ActiveCfg = Debug|Any CPU
		{C2AEF8C3-C077-4CB3-A94C-091F61D7DC0B}.Debug|x86.Build.0 = Debug|Any CPU
		{C2AEF8C3-C077-4CB3-A94C-091F61D7DC0B}.Release|Any CPU.ActiveCfg = Release|Any CPU
		{C2AEF8C3-C077-4CB3-A94C-091F61D7DC0B}.Release|Any CPU.Build.0 = Release|Any CPU
		{C2AEF8C3-C077-4CB3-A94C-091F61D7DC0B}.Release|ARM.ActiveCfg = Release|Any CPU
		{C2AEF8C3-C077-4CB3-A94C-091F61D7DC0B}.Release|ARM.Build.0 = Release|Any CPU
		{C2AEF8C3-C077-4CB3-A94C-091F61D7DC0B}.Release|x64.ActiveCfg = Release|Any CPU
		{C2AEF8C3-C077-4CB3-A94C-091F61D7DC0B}.Release|x64.Build.0 = Release|Any CPU
		{C2AEF8C3-C077-4CB3-A94C-091F61D7DC0B}.Release|x86.ActiveCfg = Release|Any CPU
		{C2AEF8C3-C077-4CB3-A94C-091F61D7DC0B}.Release|x86.Build.0 = Release|Any CPU
		{B6AD18FB-8871-46B2-A722-2B2D3A7D0F8D}.Debug|Any CPU.ActiveCfg = Debug|Any CPU
		{B6AD18FB-8871-46B2-A722-2B2D3A7D0F8D}.Debug|Any CPU.Build.0 = Debug|Any CPU
		{B6AD18FB-8871-46B2-A722-2B2D3A7D0F8D}.Debug|ARM.ActiveCfg = Debug|Any CPU
		{B6AD18FB-8871-46B2-A722-2B2D3A7D0F8D}.Debug|ARM.Build.0 = Debug|Any CPU
		{B6AD18FB-8871-46B2-A722-2B2D3A7D0F8D}.Debug|x64.ActiveCfg = Debug|Any CPU
		{B6AD18FB-8871-46B2-A722-2B2D3A7D0F8D}.Debug|x64.Build.0 = Debug|Any CPU
		{B6AD18FB-8871-46B2-A722-2B2D3A7D0F8D}.Debug|x86.ActiveCfg = Debug|Any CPU
		{B6AD18FB-8871-46B2-A722-2B2D3A7D0F8D}.Debug|x86.Build.0 = Debug|Any CPU
		{B6AD18FB-8871-46B2-A722-2B2D3A7D0F8D}.Release|Any CPU.ActiveCfg = Release|Any CPU
		{B6AD18FB-8871-46B2-A722-2B2D3A7D0F8D}.Release|Any CPU.Build.0 = Release|Any CPU
		{B6AD18FB-8871-46B2-A722-2B2D3A7D0F8D}.Release|ARM.ActiveCfg = Release|Any CPU
		{B6AD18FB-8871-46B2-A722-2B2D3A7D0F8D}.Release|ARM.Build.0 = Release|Any CPU
		{B6AD18FB-8871-46B2-A722-2B2D3A7D0F8D}.Release|x64.ActiveCfg = Release|Any CPU
		{B6AD18FB-8871-46B2-A722-2B2D3A7D0F8D}.Release|x64.Build.0 = Release|Any CPU
		{B6AD18FB-8871-46B2-A722-2B2D3A7D0F8D}.Release|x86.ActiveCfg = Release|Any CPU
		{B6AD18FB-8871-46B2-A722-2B2D3A7D0F8D}.Release|x86.Build.0 = Release|Any CPU
		{0D908A91-5FC8-436D-81D4-B97726D44D86}.Debug|Any CPU.ActiveCfg = Debug|Any CPU
		{0D908A91-5FC8-436D-81D4-B97726D44D86}.Debug|Any CPU.Build.0 = Debug|Any CPU
		{0D908A91-5FC8-436D-81D4-B97726D44D86}.Debug|ARM.ActiveCfg = Debug|Any CPU
		{0D908A91-5FC8-436D-81D4-B97726D44D86}.Debug|ARM.Build.0 = Debug|Any CPU
		{0D908A91-5FC8-436D-81D4-B97726D44D86}.Debug|x64.ActiveCfg = Debug|Any CPU
		{0D908A91-5FC8-436D-81D4-B97726D44D86}.Debug|x64.Build.0 = Debug|Any CPU
		{0D908A91-5FC8-436D-81D4-B97726D44D86}.Debug|x86.ActiveCfg = Debug|Any CPU
		{0D908A91-5FC8-436D-81D4-B97726D44D86}.Debug|x86.Build.0 = Debug|Any CPU
		{0D908A91-5FC8-436D-81D4-B97726D44D86}.Release|Any CPU.ActiveCfg = Release|Any CPU
		{0D908A91-5FC8-436D-81D4-B97726D44D86}.Release|Any CPU.Build.0 = Release|Any CPU
		{0D908A91-5FC8-436D-81D4-B97726D44D86}.Release|ARM.ActiveCfg = Release|Any CPU
		{0D908A91-5FC8-436D-81D4-B97726D44D86}.Release|ARM.Build.0 = Release|Any CPU
		{0D908A91-5FC8-436D-81D4-B97726D44D86}.Release|x64.ActiveCfg = Release|Any CPU
		{0D908A91-5FC8-436D-81D4-B97726D44D86}.Release|x64.Build.0 = Release|Any CPU
		{0D908A91-5FC8-436D-81D4-B97726D44D86}.Release|x86.ActiveCfg = Release|Any CPU
		{0D908A91-5FC8-436D-81D4-B97726D44D86}.Release|x86.Build.0 = Release|Any CPU
		{ED8A24B2-1C33-4D15-8BB9-7315D4C3B590}.Debug|Any CPU.ActiveCfg = Debug|Any CPU
		{ED8A24B2-1C33-4D15-8BB9-7315D4C3B590}.Debug|Any CPU.Build.0 = Debug|Any CPU
		{ED8A24B2-1C33-4D15-8BB9-7315D4C3B590}.Debug|ARM.ActiveCfg = Debug|Any CPU
		{ED8A24B2-1C33-4D15-8BB9-7315D4C3B590}.Debug|ARM.Build.0 = Debug|Any CPU
		{ED8A24B2-1C33-4D15-8BB9-7315D4C3B590}.Debug|x64.ActiveCfg = Debug|Any CPU
		{ED8A24B2-1C33-4D15-8BB9-7315D4C3B590}.Debug|x64.Build.0 = Debug|Any CPU
		{ED8A24B2-1C33-4D15-8BB9-7315D4C3B590}.Debug|x86.ActiveCfg = Debug|Any CPU
		{ED8A24B2-1C33-4D15-8BB9-7315D4C3B590}.Debug|x86.Build.0 = Debug|Any CPU
		{ED8A24B2-1C33-4D15-8BB9-7315D4C3B590}.Release|Any CPU.ActiveCfg = Release|Any CPU
		{ED8A24B2-1C33-4D15-8BB9-7315D4C3B590}.Release|Any CPU.Build.0 = Release|Any CPU
		{ED8A24B2-1C33-4D15-8BB9-7315D4C3B590}.Release|ARM.ActiveCfg = Release|Any CPU
		{ED8A24B2-1C33-4D15-8BB9-7315D4C3B590}.Release|ARM.Build.0 = Release|Any CPU
		{ED8A24B2-1C33-4D15-8BB9-7315D4C3B590}.Release|x64.ActiveCfg = Release|Any CPU
		{ED8A24B2-1C33-4D15-8BB9-7315D4C3B590}.Release|x64.Build.0 = Release|Any CPU
		{ED8A24B2-1C33-4D15-8BB9-7315D4C3B590}.Release|x86.ActiveCfg = Release|Any CPU
		{ED8A24B2-1C33-4D15-8BB9-7315D4C3B590}.Release|x86.Build.0 = Release|Any CPU
		{78E7A763-37A3-4B8D-9513-EF59B7D41A4F}.Debug|Any CPU.ActiveCfg = Debug|Any CPU
		{78E7A763-37A3-4B8D-9513-EF59B7D41A4F}.Debug|Any CPU.Build.0 = Debug|Any CPU
		{78E7A763-37A3-4B8D-9513-EF59B7D41A4F}.Debug|ARM.ActiveCfg = Debug|Any CPU
		{78E7A763-37A3-4B8D-9513-EF59B7D41A4F}.Debug|ARM.Build.0 = Debug|Any CPU
		{78E7A763-37A3-4B8D-9513-EF59B7D41A4F}.Debug|x64.ActiveCfg = Debug|Any CPU
		{78E7A763-37A3-4B8D-9513-EF59B7D41A4F}.Debug|x64.Build.0 = Debug|Any CPU
		{78E7A763-37A3-4B8D-9513-EF59B7D41A4F}.Debug|x86.ActiveCfg = Debug|Any CPU
		{78E7A763-37A3-4B8D-9513-EF59B7D41A4F}.Debug|x86.Build.0 = Debug|Any CPU
		{78E7A763-37A3-4B8D-9513-EF59B7D41A4F}.Release|Any CPU.ActiveCfg = Release|Any CPU
		{78E7A763-37A3-4B8D-9513-EF59B7D41A4F}.Release|Any CPU.Build.0 = Release|Any CPU
		{78E7A763-37A3-4B8D-9513-EF59B7D41A4F}.Release|ARM.ActiveCfg = Release|Any CPU
		{78E7A763-37A3-4B8D-9513-EF59B7D41A4F}.Release|ARM.Build.0 = Release|Any CPU
		{78E7A763-37A3-4B8D-9513-EF59B7D41A4F}.Release|x64.ActiveCfg = Release|Any CPU
		{78E7A763-37A3-4B8D-9513-EF59B7D41A4F}.Release|x64.Build.0 = Release|Any CPU
		{78E7A763-37A3-4B8D-9513-EF59B7D41A4F}.Release|x86.ActiveCfg = Release|Any CPU
		{78E7A763-37A3-4B8D-9513-EF59B7D41A4F}.Release|x86.Build.0 = Release|Any CPU
		{CD08C68C-E3B0-4AC3-BC49-7C585436794F}.Debug|Any CPU.ActiveCfg = Debug|Any CPU
		{CD08C68C-E3B0-4AC3-BC49-7C585436794F}.Debug|Any CPU.Build.0 = Debug|Any CPU
		{CD08C68C-E3B0-4AC3-BC49-7C585436794F}.Debug|ARM.ActiveCfg = Debug|Any CPU
		{CD08C68C-E3B0-4AC3-BC49-7C585436794F}.Debug|ARM.Build.0 = Debug|Any CPU
		{CD08C68C-E3B0-4AC3-BC49-7C585436794F}.Debug|x64.ActiveCfg = Debug|Any CPU
		{CD08C68C-E3B0-4AC3-BC49-7C585436794F}.Debug|x64.Build.0 = Debug|Any CPU
		{CD08C68C-E3B0-4AC3-BC49-7C585436794F}.Debug|x86.ActiveCfg = Debug|Any CPU
		{CD08C68C-E3B0-4AC3-BC49-7C585436794F}.Debug|x86.Build.0 = Debug|Any CPU
		{CD08C68C-E3B0-4AC3-BC49-7C585436794F}.Release|Any CPU.ActiveCfg = Release|Any CPU
		{CD08C68C-E3B0-4AC3-BC49-7C585436794F}.Release|Any CPU.Build.0 = Release|Any CPU
		{CD08C68C-E3B0-4AC3-BC49-7C585436794F}.Release|ARM.ActiveCfg = Release|Any CPU
		{CD08C68C-E3B0-4AC3-BC49-7C585436794F}.Release|ARM.Build.0 = Release|Any CPU
		{CD08C68C-E3B0-4AC3-BC49-7C585436794F}.Release|x64.ActiveCfg = Release|Any CPU
		{CD08C68C-E3B0-4AC3-BC49-7C585436794F}.Release|x64.Build.0 = Release|Any CPU
		{CD08C68C-E3B0-4AC3-BC49-7C585436794F}.Release|x86.ActiveCfg = Release|Any CPU
		{CD08C68C-E3B0-4AC3-BC49-7C585436794F}.Release|x86.Build.0 = Release|Any CPU
		{E2E397C3-A31E-4BA8-B7B5-3B9FC4003D79}.Debug|Any CPU.ActiveCfg = Debug|Any CPU
		{E2E397C3-A31E-4BA8-B7B5-3B9FC4003D79}.Debug|Any CPU.Build.0 = Debug|Any CPU
		{E2E397C3-A31E-4BA8-B7B5-3B9FC4003D79}.Debug|ARM.ActiveCfg = Debug|Any CPU
		{E2E397C3-A31E-4BA8-B7B5-3B9FC4003D79}.Debug|ARM.Build.0 = Debug|Any CPU
		{E2E397C3-A31E-4BA8-B7B5-3B9FC4003D79}.Debug|x64.ActiveCfg = Debug|Any CPU
		{E2E397C3-A31E-4BA8-B7B5-3B9FC4003D79}.Debug|x64.Build.0 = Debug|Any CPU
		{E2E397C3-A31E-4BA8-B7B5-3B9FC4003D79}.Debug|x86.ActiveCfg = Debug|Any CPU
		{E2E397C3-A31E-4BA8-B7B5-3B9FC4003D79}.Debug|x86.Build.0 = Debug|Any CPU
		{E2E397C3-A31E-4BA8-B7B5-3B9FC4003D79}.Release|Any CPU.ActiveCfg = Release|Any CPU
		{E2E397C3-A31E-4BA8-B7B5-3B9FC4003D79}.Release|Any CPU.Build.0 = Release|Any CPU
		{E2E397C3-A31E-4BA8-B7B5-3B9FC4003D79}.Release|ARM.ActiveCfg = Release|Any CPU
		{E2E397C3-A31E-4BA8-B7B5-3B9FC4003D79}.Release|ARM.Build.0 = Release|Any CPU
		{E2E397C3-A31E-4BA8-B7B5-3B9FC4003D79}.Release|x64.ActiveCfg = Release|Any CPU
		{E2E397C3-A31E-4BA8-B7B5-3B9FC4003D79}.Release|x64.Build.0 = Release|Any CPU
		{E2E397C3-A31E-4BA8-B7B5-3B9FC4003D79}.Release|x86.ActiveCfg = Release|Any CPU
		{E2E397C3-A31E-4BA8-B7B5-3B9FC4003D79}.Release|x86.Build.0 = Release|Any CPU
		{289C65F4-D0F3-4C67-A022-FEA7DA619B86}.Debug|Any CPU.ActiveCfg = Debug|Any CPU
		{289C65F4-D0F3-4C67-A022-FEA7DA619B86}.Debug|Any CPU.Build.0 = Debug|Any CPU
		{289C65F4-D0F3-4C67-A022-FEA7DA619B86}.Debug|ARM.ActiveCfg = Debug|Any CPU
		{289C65F4-D0F3-4C67-A022-FEA7DA619B86}.Debug|ARM.Build.0 = Debug|Any CPU
		{289C65F4-D0F3-4C67-A022-FEA7DA619B86}.Debug|x64.ActiveCfg = Debug|Any CPU
		{289C65F4-D0F3-4C67-A022-FEA7DA619B86}.Debug|x64.Build.0 = Debug|Any CPU
		{289C65F4-D0F3-4C67-A022-FEA7DA619B86}.Debug|x86.ActiveCfg = Debug|Any CPU
		{289C65F4-D0F3-4C67-A022-FEA7DA619B86}.Debug|x86.Build.0 = Debug|Any CPU
		{289C65F4-D0F3-4C67-A022-FEA7DA619B86}.Release|Any CPU.ActiveCfg = Release|Any CPU
		{289C65F4-D0F3-4C67-A022-FEA7DA619B86}.Release|Any CPU.Build.0 = Release|Any CPU
		{289C65F4-D0F3-4C67-A022-FEA7DA619B86}.Release|ARM.ActiveCfg = Release|Any CPU
		{289C65F4-D0F3-4C67-A022-FEA7DA619B86}.Release|ARM.Build.0 = Release|Any CPU
		{289C65F4-D0F3-4C67-A022-FEA7DA619B86}.Release|x64.ActiveCfg = Release|Any CPU
		{289C65F4-D0F3-4C67-A022-FEA7DA619B86}.Release|x64.Build.0 = Release|Any CPU
		{289C65F4-D0F3-4C67-A022-FEA7DA619B86}.Release|x86.ActiveCfg = Release|Any CPU
		{289C65F4-D0F3-4C67-A022-FEA7DA619B86}.Release|x86.Build.0 = Release|Any CPU
		{125A4655-325A-4EE5-B92A-D5978EA1D56C}.Debug|Any CPU.ActiveCfg = Debug|Any CPU
		{125A4655-325A-4EE5-B92A-D5978EA1D56C}.Debug|Any CPU.Build.0 = Debug|Any CPU
		{125A4655-325A-4EE5-B92A-D5978EA1D56C}.Debug|ARM.ActiveCfg = Debug|Any CPU
		{125A4655-325A-4EE5-B92A-D5978EA1D56C}.Debug|ARM.Build.0 = Debug|Any CPU
		{125A4655-325A-4EE5-B92A-D5978EA1D56C}.Debug|x64.ActiveCfg = Debug|Any CPU
		{125A4655-325A-4EE5-B92A-D5978EA1D56C}.Debug|x64.Build.0 = Debug|Any CPU
		{125A4655-325A-4EE5-B92A-D5978EA1D56C}.Debug|x86.ActiveCfg = Debug|Any CPU
		{125A4655-325A-4EE5-B92A-D5978EA1D56C}.Debug|x86.Build.0 = Debug|Any CPU
		{125A4655-325A-4EE5-B92A-D5978EA1D56C}.Release|Any CPU.ActiveCfg = Release|Any CPU
		{125A4655-325A-4EE5-B92A-D5978EA1D56C}.Release|Any CPU.Build.0 = Release|Any CPU
		{125A4655-325A-4EE5-B92A-D5978EA1D56C}.Release|ARM.ActiveCfg = Release|Any CPU
		{125A4655-325A-4EE5-B92A-D5978EA1D56C}.Release|ARM.Build.0 = Release|Any CPU
		{125A4655-325A-4EE5-B92A-D5978EA1D56C}.Release|x64.ActiveCfg = Release|Any CPU
		{125A4655-325A-4EE5-B92A-D5978EA1D56C}.Release|x64.Build.0 = Release|Any CPU
		{125A4655-325A-4EE5-B92A-D5978EA1D56C}.Release|x86.ActiveCfg = Release|Any CPU
		{125A4655-325A-4EE5-B92A-D5978EA1D56C}.Release|x86.Build.0 = Release|Any CPU
		{7CD01DDB-7936-421D-A6A0-935D810FF897}.Debug|Any CPU.ActiveCfg = Debug|Any CPU
		{7CD01DDB-7936-421D-A6A0-935D810FF897}.Debug|Any CPU.Build.0 = Debug|Any CPU
		{7CD01DDB-7936-421D-A6A0-935D810FF897}.Debug|ARM.ActiveCfg = Debug|Any CPU
		{7CD01DDB-7936-421D-A6A0-935D810FF897}.Debug|ARM.Build.0 = Debug|Any CPU
		{7CD01DDB-7936-421D-A6A0-935D810FF897}.Debug|x64.ActiveCfg = Debug|Any CPU
		{7CD01DDB-7936-421D-A6A0-935D810FF897}.Debug|x64.Build.0 = Debug|Any CPU
		{7CD01DDB-7936-421D-A6A0-935D810FF897}.Debug|x86.ActiveCfg = Debug|Any CPU
		{7CD01DDB-7936-421D-A6A0-935D810FF897}.Debug|x86.Build.0 = Debug|Any CPU
		{7CD01DDB-7936-421D-A6A0-935D810FF897}.Release|Any CPU.ActiveCfg = Release|Any CPU
		{7CD01DDB-7936-421D-A6A0-935D810FF897}.Release|Any CPU.Build.0 = Release|Any CPU
		{7CD01DDB-7936-421D-A6A0-935D810FF897}.Release|ARM.ActiveCfg = Release|Any CPU
		{7CD01DDB-7936-421D-A6A0-935D810FF897}.Release|ARM.Build.0 = Release|Any CPU
		{7CD01DDB-7936-421D-A6A0-935D810FF897}.Release|x64.ActiveCfg = Release|Any CPU
		{7CD01DDB-7936-421D-A6A0-935D810FF897}.Release|x64.Build.0 = Release|Any CPU
		{7CD01DDB-7936-421D-A6A0-935D810FF897}.Release|x86.ActiveCfg = Release|Any CPU
		{7CD01DDB-7936-421D-A6A0-935D810FF897}.Release|x86.Build.0 = Release|Any CPU
	EndGlobalSection
	GlobalSection(SolutionProperties) = preSolution
		HideSolutionNode = FALSE
	EndGlobalSection
	GlobalSection(ExtensibilityGlobals) = postSolution
		SolutionGuid = {3AFF1814-3AFE-4BF5-A6EF-397A10F9A897}
	EndGlobalSection
EndGlobal
